
Microsoft Visual Studio Solution File, Format Version 12.00
# Visual Studio Version 16
VisualStudioVersion = 16.0.30611.23
MinimumVisualStudioVersion = 10.0.40219.1
Project("{FAE04EC0-301F-11D3-BF4B-00C04F79EFBC}") = "Planets.Android", "Planets\Planets.Android\Planets.Android.csproj", "{D9C45FB1-B17A-499D-B0C0-10B599A52E99}"
EndProject
Project("{FAE04EC0-301F-11D3-BF4B-00C04F79EFBC}") = "Planets.iOS", "Planets\Planets.iOS\Planets.iOS.csproj", "{88EB2472-0A16-4EF9-B78A-90187FEBE31E}"
EndProject
Project("{FAE04EC0-301F-11D3-BF4B-00C04F79EFBC}") = "Planets", "Planets\Planets\Planets.csproj", "{77795CE7-1C0C-4C80-BE06-34F77A79F4C4}"
EndProject
Global
	GlobalSection(SolutionConfigurationPlatforms) = preSolution
		Debug|Any CPU = Debug|Any CPU
		Debug|iPhone = Debug|iPhone
		Debug|iPhoneSimulator = Debug|iPhoneSimulator
		Release|Any CPU = Release|Any CPU
		Release|iPhone = Release|iPhone
		Release|iPhoneSimulator = Release|iPhoneSimulator
	EndGlobalSection
	GlobalSection(ProjectConfigurationPlatforms) = postSolution
		{D9C45FB1-B17A-499D-B0C0-10B599A52E99}.Debug|Any CPU.ActiveCfg = Debug|Any CPU
		{D9C45FB1-B17A-499D-B0C0-10B599A52E99}.Debug|Any CPU.Build.0 = Debug|Any CPU
		{D9C45FB1-B17A-499D-B0C0-10B599A52E99}.Debug|Any CPU.Deploy.0 = Debug|Any CPU
		{D9C45FB1-B17A-499D-B0C0-10B599A52E99}.Debug|iPhone.ActiveCfg = Debug|Any CPU
		{D9C45FB1-B17A-499D-B0C0-10B599A52E99}.Debug|iPhone.Build.0 = Debug|Any CPU
		{D9C45FB1-B17A-499D-B0C0-10B599A52E99}.Debug|iPhone.Deploy.0 = Debug|Any CPU
		{D9C45FB1-B17A-499D-B0C0-10B599A52E99}.Debug|iPhoneSimulator.ActiveCfg = Debug|Any CPU
		{D9C45FB1-B17A-499D-B0C0-10B599A52E99}.Debug|iPhoneSimulator.Build.0 = Debug|Any CPU
		{D9C45FB1-B17A-499D-B0C0-10B599A52E99}.Debug|iPhoneSimulator.Deploy.0 = Debug|Any CPU
		{D9C45FB1-B17A-499D-B0C0-10B599A52E99}.Release|Any CPU.ActiveCfg = Release|Any CPU
		{D9C45FB1-B17A-499D-B0C0-10B599A52E99}.Release|Any CPU.Build.0 = Release|Any CPU
		{D9C45FB1-B17A-499D-B0C0-10B599A52E99}.Release|Any CPU.Deploy.0 = Release|Any CPU
		{D9C45FB1-B17A-499D-B0C0-10B599A52E99}.Release|iPhone.ActiveCfg = Release|Any CPU
		{D9C45FB1-B17A-499D-B0C0-10B599A52E99}.Release|iPhone.Build.0 = Release|Any CPU
		{D9C45FB1-B17A-499D-B0C0-10B599A52E99}.Release|iPhone.Deploy.0 = Release|Any CPU
		{D9C45FB1-B17A-499D-B0C0-10B599A52E99}.Release|iPhoneSimulator.ActiveCfg = Release|Any CPU
		{D9C45FB1-B17A-499D-B0C0-10B599A52E99}.Release|iPhoneSimulator.Build.0 = Release|Any CPU
		{D9C45FB1-B17A-499D-B0C0-10B599A52E99}.Release|iPhoneSimulator.Deploy.0 = Release|Any CPU
		{88EB2472-0A16-4EF9-B78A-90187FEBE31E}.Debug|Any CPU.ActiveCfg = Debug|iPhone
		{88EB2472-0A16-4EF9-B78A-90187FEBE31E}.Debug|Any CPU.Build.0 = Debug|iPhone
		{88EB2472-0A16-4EF9-B78A-90187FEBE31E}.Debug|Any CPU.Deploy.0 = Debug|iPhone
		{88EB2472-0A16-4EF9-B78A-90187FEBE31E}.Debug|iPhone.ActiveCfg = Debug|iPhone
		{88EB2472-0A16-4EF9-B78A-90187FEBE31E}.Debug|iPhone.Build.0 = Debug|iPhone
		{88EB2472-0A16-4EF9-B78A-90187FEBE31E}.Debug|iPhone.Deploy.0 = Debug|iPhone
		{88EB2472-0A16-4EF9-B78A-90187FEBE31E}.Debug|iPhoneSimulator.ActiveCfg = Debug|iPhoneSimulator
		{88EB2472-0A16-4EF9-B78A-90187FEBE31E}.Debug|iPhoneSimulator.Build.0 = Debug|iPhoneSimulator
		{88EB2472-0A16-4EF9-B78A-90187FEBE31E}.Debug|iPhoneSimulator.Deploy.0 = Debug|iPhoneSimulator
		{88EB2472-0A16-4EF9-B78A-90187FEBE31E}.Release|Any CPU.ActiveCfg = Release|iPhoneSimulator
		{88EB2472-0A16-4EF9-B78A-90187FEBE31E}.Release|Any CPU.Build.0 = Release|iPhoneSimulator
		{88EB2472-0A16-4EF9-B78A-90187FEBE31E}.Release|Any CPU.Deploy.0 = Release|iPhoneSimulator
		{88EB2472-0A16-4EF9-B78A-90187FEBE31E}.Release|iPhone.ActiveCfg = Release|iPhone
		{88EB2472-0A16-4EF9-B78A-90187FEBE31E}.Release|iPhone.Build.0 = Release|iPhone
		{88EB2472-0A16-4EF9-B78A-90187FEBE31E}.Release|iPhone.Deploy.0 = Release|iPhone
		{88EB2472-0A16-4EF9-B78A-90187FEBE31E}.Release|iPhoneSimulator.ActiveCfg = Release|iPhoneSimulator
		{88EB2472-0A16-4EF9-B78A-90187FEBE31E}.Release|iPhoneSimulator.Build.0 = Release|iPhoneSimulator
		{88EB2472-0A16-4EF9-B78A-90187FEBE31E}.Release|iPhoneSimulator.Deploy.0 = Release|iPhoneSimulator
		{77795CE7-1C0C-4C80-BE06-34F77A79F4C4}.Debug|Any CPU.ActiveCfg = Debug|Any CPU
		{77795CE7-1C0C-4C80-BE06-34F77A79F4C4}.Debug|Any CPU.Build.0 = Debug|Any CPU
		{77795CE7-1C0C-4C80-BE06-34F77A79F4C4}.Debug|Any CPU.Deploy.0 = Debug|Any CPU
		{77795CE7-1C0C-4C80-BE06-34F77A79F4C4}.Debug|iPhone.ActiveCfg = Debug|Any CPU
		{77795CE7-1C0C-4C80-BE06-34F77A79F4C4}.Debug|iPhone.Build.0 = Debug|Any CPU
		{77795CE7-1C0C-4C80-BE06-34F77A79F4C4}.Debug|iPhone.Deploy.0 = Debug|Any CPU
		{77795CE7-1C0C-4C80-BE06-34F77A79F4C4}.Debug|iPhoneSimulator.ActiveCfg = Debug|Any CPU
		{77795CE7-1C0C-4C80-BE06-34F77A79F4C4}.Debug|iPhoneSimulator.Build.0 = Debug|Any CPU
		{77795CE7-1C0C-4C80-BE06-34F77A79F4C4}.Debug|iPhoneSimulator.Deploy.0 = Debug|Any CPU
		{77795CE7-1C0C-4C80-BE06-34F77A79F4C4}.Release|Any CPU.ActiveCfg = Release|Any CPU
		{77795CE7-1C0C-4C80-BE06-34F77A79F4C4}.Release|Any CPU.Build.0 = Release|Any CPU
		{77795CE7-1C0C-4C80-BE06-34F77A79F4C4}.Release|Any CPU.Deploy.0 = Release|Any CPU
		{77795CE7-1C0C-4C80-BE06-34F77A79F4C4}.Release|iPhone.ActiveCfg = Release|Any CPU
		{77795CE7-1C0C-4C80-BE06-34F77A79F4C4}.Release|iPhone.Build.0 = Release|Any CPU
		{77795CE7-1C0C-4C80-BE06-34F77A79F4C4}.Release|iPhone.Deploy.0 = Release|Any CPU
		{77795CE7-1C0C-4C80-BE06-34F77A79F4C4}.Release|iPhoneSimulator.ActiveCfg = Release|Any CPU
		{77795CE7-1C0C-4C80-BE06-34F77A79F4C4}.Release|iPhoneSimulator.Build.0 = Release|Any CPU
		{77795CE7-1C0C-4C80-BE06-34F77A79F4C4}.Release|iPhoneSimulator.Deploy.0 = Release|Any CPU
	EndGlobalSection
	GlobalSection(SolutionProperties) = preSolution
		HideSolutionNode = FALSE
	EndGlobalSection
	GlobalSection(ExtensibilityGlobals) = postSolution
		SolutionGuid = {F52128E9-8486-47D2-9D9F-04FAA6D1E0E6}
	EndGlobalSection
EndGlobal
